
Microsoft Visual Studio Solution File, Format Version 10.00
# Visual Studio 2008
Project("{FAE04EC0-301F-11D3-BF4B-00C04F79EFBC}") = "WindowsFormsApplication2", "WindowsFormsApplication2\WindowsFormsApplication2.csproj", "{16D6DA3B-B978-418A-9B8B-71B30086722D}"
EndProject
Global
	GlobalSection(SolutionConfigurationPlatforms) = preSolution
		Debug|Any CPU = Debug|Any CPU
		Release|Any CPU = Release|Any CPU
	EndGlobalSection
	GlobalSection(ProjectConfigurationPlatforms) = postSolution
		{16D6DA3B-B978-418A-9B8B-71B30086722D}.Debug|Any CPU.ActiveCfg = Debug|Any CPU
		{16D6DA3B-B978-418A-9B8B-71B30086722D}.Debug|Any CPU.Build.0 = Debug|Any CPU
		{16D6DA3B-B978-418A-9B8B-71B30086722D}.Release|Any CPU.ActiveCfg = Release|Any CPU
		{16D6DA3B-B978-418A-9B8B-71B30086722D}.Release|Any CPU.Build.0 = Release|Any CPU
	EndGlobalSection
	GlobalSection(SolutionProperties) = preSolution
		HideSolutionNode = FALSE
	EndGlobalSection
EndGlobal
